
Microsoft Visual Studio Solution File, Format Version 12.00
# Visual Studio 14
VisualStudioVersion = 14.0.25420.1
MinimumVisualStudioVersion = 10.0.40219.1
Project("{FAE04EC0-301F-11D3-BF4B-00C04F79EFBC}") = "PROJECET_02", "PROJECET_02\PROJECET_02.csproj", "{167D371F-30A4-4C56-9C3F-E974A3305BAD}"
EndProject
Global
	GlobalSection(SolutionConfigurationPlatforms) = preSolution
		Debug|Any CPU = Debug|Any CPU
		Release|Any CPU = Release|Any CPU
	EndGlobalSection
	GlobalSection(ProjectConfigurationPlatforms) = postSolution
		{167D371F-30A4-4C56-9C3F-E974A3305BAD}.Debug|Any CPU.ActiveCfg = Debug|Any CPU
		{167D371F-30A4-4C56-9C3F-E974A3305BAD}.Debug|Any CPU.Build.0 = Debug|Any CPU
		{167D371F-30A4-4C56-9C3F-E974A3305BAD}.Release|Any CPU.ActiveCfg = Release|Any CPU
		{167D371F-30A4-4C56-9C3F-E974A3305BAD}.Release|Any CPU.Build.0 = Release|Any CPU
	EndGlobalSection
	GlobalSection(SolutionProperties) = preSolution
		HideSolutionNode = FALSE
	EndGlobalSection
EndGlobal
